// !$*UTF8*$!
{
	archiveVersion = 1;
	classes = {
	};
	objectVersion = 56;
	objects = {

/* Begin PBXBuildFile section */
		72ED9FD82B0BEA8C008F4760 /* MarketApp.swift in Sources */ = {isa = PBXBuildFile; fileRef = 72ED9FD72B0BEA8C008F4760 /* MarketApp.swift */; };
		72ED9FDA2B0BEA8C008F4760 /* ProductListView.swift in Sources */ = {isa = PBXBuildFile; fileRef = 72ED9FD92B0BEA8C008F4760 /* ProductListView.swift */; };
		72ED9FDC2B0BEA8E008F4760 /* Assets.xcassets in Resources */ = {isa = PBXBuildFile; fileRef = 72ED9FDB2B0BEA8E008F4760 /* Assets.xcassets */; };
		72ED9FDF2B0BEA8E008F4760 /* Preview Assets.xcassets in Resources */ = {isa = PBXBuildFile; fileRef = 72ED9FDE2B0BEA8E008F4760 /* Preview Assets.xcassets */; };
		72ED9FE92B0BEA8E008F4760 /* MarketTests.swift in Sources */ = {isa = PBXBuildFile; fileRef = 72ED9FE82B0BEA8E008F4760 /* MarketTests.swift */; };
		72ED9FF32B0BEA8E008F4760 /* MarketUITests.swift in Sources */ = {isa = PBXBuildFile; fileRef = 72ED9FF22B0BEA8E008F4760 /* MarketUITests.swift */; };
		72ED9FF52B0BEA8E008F4760 /* MarketUITestsLaunchTests.swift in Sources */ = {isa = PBXBuildFile; fileRef = 72ED9FF42B0BEA8E008F4760 /* MarketUITestsLaunchTests.swift */; };
		72EDA0062B0BEB78008F4760 /* Product.swift in Sources */ = {isa = PBXBuildFile; fileRef = 72EDA0052B0BEB78008F4760 /* Product.swift */; };
		72EDA0082B0BEBE5008F4760 /* ProductViewModel.swift in Sources */ = {isa = PBXBuildFile; fileRef = 72EDA0072B0BEBE5008F4760 /* ProductViewModel.swift */; };
		72EDA00A2B0BEEA8008F4760 /* Constants.swift in Sources */ = {isa = PBXBuildFile; fileRef = 72EDA0092B0BEEA8008F4760 /* Constants.swift */; };
		72EDA00C2B0BEF02008F4760 /* HttpClient.swift in Sources */ = {isa = PBXBuildFile; fileRef = 72EDA00B2B0BEF02008F4760 /* HttpClient.swift */; };
		72EDA00E2B0BF697008F4760 /* ModalType.swift in Sources */ = {isa = PBXBuildFile; fileRef = 72EDA00D2B0BF697008F4760 /* ModalType.swift */; };
		72EDA0102B0BF86B008F4760 /* AddUpdateProductView.swift in Sources */ = {isa = PBXBuildFile; fileRef = 72EDA00F2B0BF86B008F4760 /* AddUpdateProductView.swift */; };
		72EDA0122B0BF8B4008F4760 /* AddUpdateProductViewModel.swift in Sources */ = {isa = PBXBuildFile; fileRef = 72EDA0112B0BF8B4008F4760 /* AddUpdateProductViewModel.swift */; };
/* End PBXBuildFile section */

/* Begin PBXContainerItemProxy section */
		72ED9FE52B0BEA8E008F4760 /* PBXContainerItemProxy */ = {
			isa = PBXContainerItemProxy;
			containerPortal = 72ED9FCC2B0BEA8C008F4760 /* Project object */;
			proxyType = 1;
			remoteGlobalIDString = 72ED9FD32B0BEA8C008F4760;
			remoteInfo = Market;
		};
		72ED9FEF2B0BEA8E008F4760 /* PBXContainerItemProxy */ = {
			isa = PBXContainerItemProxy;
			containerPortal = 72ED9FCC2B0BEA8C008F4760 /* Project object */;
			proxyType = 1;
			remoteGlobalIDString = 72ED9FD32B0BEA8C008F4760;
			remoteInfo = Market;
		};
/* End PBXContainerItemProxy section */

/* Begin PBXFileReference section */
		72ED9FD42B0BEA8C008F4760 /* Market.app */ = {isa = PBXFileReference; explicitFileType = wrapper.application; includeInIndex = 0; path = Market.app; sourceTree = BUILT_PRODUCTS_DIR; };
		72ED9FD72B0BEA8C008F4760 /* MarketApp.swift */ = {isa = PBXFileReference; lastKnownFileType = sourcecode.swift; path = MarketApp.swift; sourceTree = "<group>"; };
		72ED9FD92B0BEA8C008F4760 /* ProductListView.swift */ = {isa = PBXFileReference; lastKnownFileType = sourcecode.swift; path = ProductListView.swift; sourceTree = "<group>"; };
		72ED9FDB2B0BEA8E008F4760 /* Assets.xcassets */ = {isa = PBXFileReference; lastKnownFileType = folder.assetcatalog; path = Assets.xcassets; sourceTree = "<group>"; };
		72ED9FDE2B0BEA8E008F4760 /* Preview Assets.xcassets */ = {isa = PBXFileReference; lastKnownFileType = folder.assetcatalog; path = "Preview Assets.xcassets"; sourceTree = "<group>"; };
		72ED9FE42B0BEA8E008F4760 /* MarketTests.xctest */ = {isa = PBXFileReference; explicitFileType = wrapper.cfbundle; includeInIndex = 0; path = MarketTests.xctest; sourceTree = BUILT_PRODUCTS_DIR; };
		72ED9FE82B0BEA8E008F4760 /* MarketTests.swift */ = {isa = PBXFileReference; lastKnownFileType = sourcecode.swift; path = MarketTests.swift; sourceTree = "<group>"; };
		72ED9FEE2B0BEA8E008F4760 /* MarketUITests.xctest */ = {isa = PBXFileReference; explicitFileType = wrapper.cfbundle; includeInIndex = 0; path = MarketUITests.xctest; sourceTree = BUILT_PRODUCTS_DIR; };
		72ED9FF22B0BEA8E008F4760 /* MarketUITests.swift */ = {isa = PBXFileReference; lastKnownFileType = sourcecode.swift; path = MarketUITests.swift; sourceTree = "<group>"; };
		72ED9FF42B0BEA8E008F4760 /* MarketUITestsLaunchTests.swift */ = {isa = PBXFileReference; lastKnownFileType = sourcecode.swift; path = MarketUITestsLaunchTests.swift; sourceTree = "<group>"; };
		72EDA0052B0BEB78008F4760 /* Product.swift */ = {isa = PBXFileReference; lastKnownFileType = sourcecode.swift; path = Product.swift; sourceTree = "<group>"; };
		72EDA0072B0BEBE5008F4760 /* ProductViewModel.swift */ = {isa = PBXFileReference; lastKnownFileType = sourcecode.swift; path = ProductViewModel.swift; sourceTree = "<group>"; };
		72EDA0092B0BEEA8008F4760 /* Constants.swift */ = {isa = PBXFileReference; lastKnownFileType = sourcecode.swift; path = Constants.swift; sourceTree = "<group>"; };
		72EDA00B2B0BEF02008F4760 /* HttpClient.swift */ = {isa = PBXFileReference; lastKnownFileType = sourcecode.swift; path = HttpClient.swift; sourceTree = "<group>"; };
		72EDA00D2B0BF697008F4760 /* ModalType.swift */ = {isa = PBXFileReference; lastKnownFileType = sourcecode.swift; path = ModalType.swift; sourceTree = "<group>"; };
		72EDA00F2B0BF86B008F4760 /* AddUpdateProductView.swift */ = {isa = PBXFileReference; lastKnownFileType = sourcecode.swift; path = AddUpdateProductView.swift; sourceTree = "<group>"; };
		72EDA0112B0BF8B4008F4760 /* AddUpdateProductViewModel.swift */ = {isa = PBXFileReference; lastKnownFileType = sourcecode.swift; path = AddUpdateProductViewModel.swift; sourceTree = "<group>"; };
/* End PBXFileReference section */

/* Begin PBXFrameworksBuildPhase section */
		72ED9FD12B0BEA8C008F4760 /* Frameworks */ = {
			isa = PBXFrameworksBuildPhase;
			buildActionMask = 2147483647;
			files = (
			);
			runOnlyForDeploymentPostprocessing = 0;
		};
		72ED9FE12B0BEA8E008F4760 /* Frameworks */ = {
			isa = PBXFrameworksBuildPhase;
			buildActionMask = 2147483647;
			files = (
			);
			runOnlyForDeploymentPostprocessing = 0;
		};
		72ED9FEB2B0BEA8E008F4760 /* Frameworks */ = {
			isa = PBXFrameworksBuildPhase;
			buildActionMask = 2147483647;
			files = (
			);
			runOnlyForDeploymentPostprocessing = 0;
		};
/* End PBXFrameworksBuildPhase section */

/* Begin PBXGroup section */
		72ED9FCB2B0BEA8C008F4760 = {
			isa = PBXGroup;
			children = (
				72ED9FD62B0BEA8C008F4760 /* Market */,
				72ED9FE72B0BEA8E008F4760 /* MarketTests */,
				72ED9FF12B0BEA8E008F4760 /* MarketUITests */,
				72ED9FD52B0BEA8C008F4760 /* Products */,
			);
			sourceTree = "<group>";
		};
		72ED9FD52B0BEA8C008F4760 /* Products */ = {
			isa = PBXGroup;
			children = (
				72ED9FD42B0BEA8C008F4760 /* Market.app */,
				72ED9FE42B0BEA8E008F4760 /* MarketTests.xctest */,
				72ED9FEE2B0BEA8E008F4760 /* MarketUITests.xctest */,
			);
			name = Products;
			sourceTree = "<group>";
		};
		72ED9FD62B0BEA8C008F4760 /* Market */ = {
			isa = PBXGroup;
			children = (
				72EDA0012B0BEADE008F4760 /* Models */,
				72EDA0042B0BEB16008F4760 /* View Models */,
				72EDA0022B0BEAED008F4760 /* Views */,
				72EDA0032B0BEB04008F4760 /* Utilities */,
				72ED9FD72B0BEA8C008F4760 /* MarketApp.swift */,
				72ED9FDB2B0BEA8E008F4760 /* Assets.xcassets */,
				72ED9FDD2B0BEA8E008F4760 /* Preview Content */,
			);
			path = Market;
			sourceTree = "<group>";
		};
		72ED9FDD2B0BEA8E008F4760 /* Preview Content */ = {
			isa = PBXGroup;
			children = (
				72ED9FDE2B0BEA8E008F4760 /* Preview Assets.xcassets */,
			);
			path = "Preview Content";
			sourceTree = "<group>";
		};
		72ED9FE72B0BEA8E008F4760 /* MarketTests */ = {
			isa = PBXGroup;
			children = (
				72ED9FE82B0BEA8E008F4760 /* MarketTests.swift */,
			);
			path = MarketTests;
			sourceTree = "<group>";
		};
		72ED9FF12B0BEA8E008F4760 /* MarketUITests */ = {
			isa = PBXGroup;
			children = (
				72ED9FF22B0BEA8E008F4760 /* MarketUITests.swift */,
				72ED9FF42B0BEA8E008F4760 /* MarketUITestsLaunchTests.swift */,
			);
			path = MarketUITests;
			sourceTree = "<group>";
		};
		72EDA0012B0BEADE008F4760 /* Models */ = {
			isa = PBXGroup;
			children = (
				72EDA0052B0BEB78008F4760 /* Product.swift */,
			);
			path = Models;
			sourceTree = "<group>";
		};
		72EDA0022B0BEAED008F4760 /* Views */ = {
			isa = PBXGroup;
			children = (
				72ED9FD92B0BEA8C008F4760 /* ProductListView.swift */,
				72EDA00F2B0BF86B008F4760 /* AddUpdateProductView.swift */,
			);
			path = Views;
			sourceTree = "<group>";
		};
		72EDA0032B0BEB04008F4760 /* Utilities */ = {
			isa = PBXGroup;
			children = (
				72EDA0092B0BEEA8008F4760 /* Constants.swift */,
				72EDA00B2B0BEF02008F4760 /* HttpClient.swift */,
				72EDA00D2B0BF697008F4760 /* ModalType.swift */,
			);
			path = Utilities;
			sourceTree = "<group>";
		};
		72EDA0042B0BEB16008F4760 /* View Models */ = {
			isa = PBXGroup;
			children = (
				72EDA0072B0BEBE5008F4760 /* ProductViewModel.swift */,
				72EDA0112B0BF8B4008F4760 /* AddUpdateProductViewModel.swift */,
			);
			path = "View Models";
			sourceTree = "<group>";
		};
/* End PBXGroup section */

/* Begin PBXNativeTarget section */
		72ED9FD32B0BEA8C008F4760 /* Market */ = {
			isa = PBXNativeTarget;
			buildConfigurationList = 72ED9FF82B0BEA8E008F4760 /* Build configuration list for PBXNativeTarget "Market" */;
			buildPhases = (
				72ED9FD02B0BEA8C008F4760 /* Sources */,
				72ED9FD12B0BEA8C008F4760 /* Frameworks */,
				72ED9FD22B0BEA8C008F4760 /* Resources */,
			);
			buildRules = (
			);
			dependencies = (
			);
			name = Market;
			productName = Market;
			productReference = 72ED9FD42B0BEA8C008F4760 /* Market.app */;
			productType = "com.apple.product-type.application";
		};
		72ED9FE32B0BEA8E008F4760 /* MarketTests */ = {
			isa = PBXNativeTarget;
			buildConfigurationList = 72ED9FFB2B0BEA8E008F4760 /* Build configuration list for PBXNativeTarget "MarketTests" */;
			buildPhases = (
				72ED9FE02B0BEA8E008F4760 /* Sources */,
				72ED9FE12B0BEA8E008F4760 /* Frameworks */,
				72ED9FE22B0BEA8E008F4760 /* Resources */,
			);
			buildRules = (
			);
			dependencies = (
				72ED9FE62B0BEA8E008F4760 /* PBXTargetDependency */,
			);
			name = MarketTests;
			productName = MarketTests;
			productReference = 72ED9FE42B0BEA8E008F4760 /* MarketTests.xctest */;
			productType = "com.apple.product-type.bundle.unit-test";
		};
		72ED9FED2B0BEA8E008F4760 /* MarketUITests */ = {
			isa = PBXNativeTarget;
			buildConfigurationList = 72ED9FFE2B0BEA8E008F4760 /* Build configuration list for PBXNativeTarget "MarketUITests" */;
			buildPhases = (
				72ED9FEA2B0BEA8E008F4760 /* Sources */,
				72ED9FEB2B0BEA8E008F4760 /* Frameworks */,
				72ED9FEC2B0BEA8E008F4760 /* Resources */,
			);
			buildRules = (
			);
			dependencies = (
				72ED9FF02B0BEA8E008F4760 /* PBXTargetDependency */,
			);
			name = MarketUITests;
			productName = MarketUITests;
			productReference = 72ED9FEE2B0BEA8E008F4760 /* MarketUITests.xctest */;
			productType = "com.apple.product-type.bundle.ui-testing";
		};
/* End PBXNativeTarget section */

/* Begin PBXProject section */
		72ED9FCC2B0BEA8C008F4760 /* Project object */ = {
			isa = PBXProject;
			attributes = {
				BuildIndependentTargetsInParallel = 1;
				LastSwiftUpdateCheck = 1500;
				LastUpgradeCheck = 1500;
				TargetAttributes = {
					72ED9FD32B0BEA8C008F4760 = {
						CreatedOnToolsVersion = 15.0.1;
					};
					72ED9FE32B0BEA8E008F4760 = {
						CreatedOnToolsVersion = 15.0.1;
						TestTargetID = 72ED9FD32B0BEA8C008F4760;
					};
					72ED9FED2B0BEA8E008F4760 = {
						CreatedOnToolsVersion = 15.0.1;
						TestTargetID = 72ED9FD32B0BEA8C008F4760;
					};
				};
			};
			buildConfigurationList = 72ED9FCF2B0BEA8C008F4760 /* Build configuration list for PBXProject "Market" */;
			compatibilityVersion = "Xcode 14.0";
			developmentRegion = en;
			hasScannedForEncodings = 0;
			knownRegions = (
				en,
				Base,
			);
			mainGroup = 72ED9FCB2B0BEA8C008F4760;
			productRefGroup = 72ED9FD52B0BEA8C008F4760 /* Products */;
			projectDirPath = "";
			projectRoot = "";
			targets = (
				72ED9FD32B0BEA8C008F4760 /* Market */,
				72ED9FE32B0BEA8E008F4760 /* MarketTests */,
				72ED9FED2B0BEA8E008F4760 /* MarketUITests */,
			);
		};
/* End PBXProject section */

/* Begin PBXResourcesBuildPhase section */
		72ED9FD22B0BEA8C008F4760 /* Resources */ = {
			isa = PBXResourcesBuildPhase;
			buildActionMask = 2147483647;
			files = (
				72ED9FDF2B0BEA8E008F4760 /* Preview Assets.xcassets in Resources */,
				72ED9FDC2B0BEA8E008F4760 /* Assets.xcassets in Resources */,
			);
			runOnlyForDeploymentPostprocessing = 0;
		};
		72ED9FE22B0BEA8E008F4760 /* Resources */ = {
			isa = PBXResourcesBuildPhase;
			buildActionMask = 2147483647;
			files = (
			);
			runOnlyForDeploymentPostprocessing = 0;
		};
		72ED9FEC2B0BEA8E008F4760 /* Resources */ = {
			isa = PBXResourcesBuildPhase;
			buildActionMask = 2147483647;
			files = (
			);
			runOnlyForDeploymentPostprocessing = 0;
		};
/* End PBXResourcesBuildPhase section */

/* Begin PBXSourcesBuildPhase section */
		72ED9FD02B0BEA8C008F4760 /* Sources */ = {
			isa = PBXSourcesBuildPhase;
			buildActionMask = 2147483647;
			files = (
				72EDA00A2B0BEEA8008F4760 /* Constants.swift in Sources */,
				72EDA00E2B0BF697008F4760 /* ModalType.swift in Sources */,
				72ED9FDA2B0BEA8C008F4760 /* ProductListView.swift in Sources */,
				72ED9FD82B0BEA8C008F4760 /* MarketApp.swift in Sources */,
				72EDA0082B0BEBE5008F4760 /* ProductViewModel.swift in Sources */,
				72EDA00C2B0BEF02008F4760 /* HttpClient.swift in Sources */,
				72EDA0102B0BF86B008F4760 /* AddUpdateProductView.swift in Sources */,
				72EDA0122B0BF8B4008F4760 /* AddUpdateProductViewModel.swift in Sources */,
				72EDA0062B0BEB78008F4760 /* Product.swift in Sources */,
			);
			runOnlyForDeploymentPostprocessing = 0;
		};
		72ED9FE02B0BEA8E008F4760 /* Sources */ = {
			isa = PBXSourcesBuildPhase;
			buildActionMask = 2147483647;
			files = (
				72ED9FE92B0BEA8E008F4760 /* MarketTests.swift in Sources */,
			);
			runOnlyForDeploymentPostprocessing = 0;
		};
		72ED9FEA2B0BEA8E008F4760 /* Sources */ = {
			isa = PBXSourcesBuildPhase;
			buildActionMask = 2147483647;
			files = (
				72ED9FF52B0BEA8E008F4760 /* MarketUITestsLaunchTests.swift in Sources */,
				72ED9FF32B0BEA8E008F4760 /* MarketUITests.swift in Sources */,
			);
			runOnlyForDeploymentPostprocessing = 0;
		};
/* End PBXSourcesBuildPhase section */

/* Begin PBXTargetDependency section */
		72ED9FE62B0BEA8E008F4760 /* PBXTargetDependency */ = {
			isa = PBXTargetDependency;
			target = 72ED9FD32B0BEA8C008F4760 /* Market */;
			targetProxy = 72ED9FE52B0BEA8E008F4760 /* PBXContainerItemProxy */;
		};
		72ED9FF02B0BEA8E008F4760 /* PBXTargetDependency */ = {
			isa = PBXTargetDependency;
			target = 72ED9FD32B0BEA8C008F4760 /* Market */;
			targetProxy = 72ED9FEF2B0BEA8E008F4760 /* PBXContainerItemProxy */;
		};
/* End PBXTargetDependency section */

/* Begin XCBuildConfiguration section */
		72ED9FF62B0BEA8E008F4760 /* Debug */ = {
			isa = XCBuildConfiguration;
			buildSettings = {
				ALWAYS_SEARCH_USER_PATHS = NO;
				ASSETCATALOG_COMPILER_GENERATE_SWIFT_ASSET_SYMBOL_EXTENSIONS = YES;
				CLANG_ANALYZER_NONNULL = YES;
				CLANG_ANALYZER_NUMBER_OBJECT_CONVERSION = YES_AGGRESSIVE;
				CLANG_CXX_LANGUAGE_STANDARD = "gnu++20";
				CLANG_ENABLE_MODULES = YES;
				CLANG_ENABLE_OBJC_ARC = YES;
				CLANG_ENABLE_OBJC_WEAK = YES;
				CLANG_WARN_BLOCK_CAPTURE_AUTORELEASING = YES;
				CLANG_WARN_BOOL_CONVERSION = YES;
				CLANG_WARN_COMMA = YES;
				CLANG_WARN_CONSTANT_CONVERSION = YES;
				CLANG_WARN_DEPRECATED_OBJC_IMPLEMENTATIONS = YES;
				CLANG_WARN_DIRECT_OBJC_ISA_USAGE = YES_ERROR;
				CLANG_WARN_DOCUMENTATION_COMMENTS = YES;
				CLANG_WARN_EMPTY_BODY = YES;
				CLANG_WARN_ENUM_CONVERSION = YES;
				CLANG_WARN_INFINITE_RECURSION = YES;
				CLANG_WARN_INT_CONVERSION = YES;
				CLANG_WARN_NON_LITERAL_NULL_CONVERSION = YES;
				CLANG_WARN_OBJC_IMPLICIT_RETAIN_SELF = YES;
				CLANG_WARN_OBJC_LITERAL_CONVERSION = YES;
				CLANG_WARN_OBJC_ROOT_CLASS = YES_ERROR;
				CLANG_WARN_QUOTED_INCLUDE_IN_FRAMEWORK_HEADER = YES;
				CLANG_WARN_RANGE_LOOP_ANALYSIS = YES;
				CLANG_WARN_STRICT_PROTOTYPES = YES;
				CLANG_WARN_SUSPICIOUS_MOVE = YES;
				CLANG_WARN_UNGUARDED_AVAILABILITY = YES_AGGRESSIVE;
				CLANG_WARN_UNREACHABLE_CODE = YES;
				CLANG_WARN__DUPLICATE_METHOD_MATCH = YES;
				COPY_PHASE_STRIP = NO;
				DEBUG_INFORMATION_FORMAT = dwarf;
				ENABLE_STRICT_OBJC_MSGSEND = YES;
				ENABLE_TESTABILITY = YES;
				ENABLE_USER_SCRIPT_SANDBOXING = YES;
				GCC_C_LANGUAGE_STANDARD = gnu17;
				GCC_DYNAMIC_NO_PIC = NO;
				GCC_NO_COMMON_BLOCKS = YES;
				GCC_OPTIMIZATION_LEVEL = 0;
				GCC_PREPROCESSOR_DEFINITIONS = (
					"DEBUG=1",
					"$(inherited)",
				);
				GCC_WARN_64_TO_32_BIT_CONVERSION = YES;
				GCC_WARN_ABOUT_RETURN_TYPE = YES_ERROR;
				GCC_WARN_UNDECLARED_SELECTOR = YES;
				GCC_WARN_UNINITIALIZED_AUTOS = YES_AGGRESSIVE;
				GCC_WARN_UNUSED_FUNCTION = YES;
				GCC_WARN_UNUSED_VARIABLE = YES;
				IPHONEOS_DEPLOYMENT_TARGET = 17.0;
				LOCALIZATION_PREFERS_STRING_CATALOGS = YES;
				MTL_ENABLE_DEBUG_INFO = INCLUDE_SOURCE;
				MTL_FAST_MATH = YES;
				ONLY_ACTIVE_ARCH = YES;
				SDKROOT = iphoneos;
				SWIFT_ACTIVE_COMPILATION_CONDITIONS = "DEBUG $(inherited)";
				SWIFT_OPTIMIZATION_LEVEL = "-Onone";
			};
			name = Debug;
		};
		72ED9FF72B0BEA8E008F4760 /* Release */ = {
			isa = XCBuildConfiguration;
			buildSettings = {
				ALWAYS_SEARCH_USER_PATHS = NO;
				ASSETCATALOG_COMPILER_GENERATE_SWIFT_ASSET_SYMBOL_EXTENSIONS = YES;
				CLANG_ANALYZER_NONNULL = YES;
				CLANG_ANALYZER_NUMBER_OBJECT_CONVERSION = YES_AGGRESSIVE;
				CLANG_CXX_LANGUAGE_STANDARD = "gnu++20";
				CLANG_ENABLE_MODULES = YES;
				CLANG_ENABLE_OBJC_ARC = YES;
				CLANG_ENABLE_OBJC_WEAK = YES;
				CLANG_WARN_BLOCK_CAPTURE_AUTORELEASING = YES;
				CLANG_WARN_BOOL_CONVERSION = YES;
				CLANG_WARN_COMMA = YES;
				CLANG_WARN_CONSTANT_CONVERSION = YES;
				CLANG_WARN_DEPRECATED_OBJC_IMPLEMENTATIONS = YES;
				CLANG_WARN_DIRECT_OBJC_ISA_USAGE = YES_ERROR;
				CLANG_WARN_DOCUMENTATION_COMMENTS = YES;
				CLANG_WARN_EMPTY_BODY = YES;
				CLANG_WARN_ENUM_CONVERSION = YES;
				CLANG_WARN_INFINITE_RECURSION = YES;
				CLANG_WARN_INT_CONVERSION = YES;
				CLANG_WARN_NON_LITERAL_NULL_CONVERSION = YES;
				CLANG_WARN_OBJC_IMPLICIT_RETAIN_SELF = YES;
				CLANG_WARN_OBJC_LITERAL_CONVERSION = YES;
				CLANG_WARN_OBJC_ROOT_CLASS = YES_ERROR;
				CLANG_WARN_QUOTED_INCLUDE_IN_FRAMEWORK_HEADER = YES;
				CLANG_WARN_RANGE_LOOP_ANALYSIS = YES;
				CLANG_WARN_STRICT_PROTOTYPES = YES;
				CLANG_WARN_SUSPICIOUS_MOVE = YES;
				CLANG_WARN_UNGUARDED_AVAILABILITY = YES_AGGRESSIVE;
				CLANG_WARN_UNREACHABLE_CODE = YES;
				CLANG_WARN__DUPLICATE_METHOD_MATCH = YES;
				COPY_PHASE_STRIP = NO;
				DEBUG_INFORMATION_FORMAT = "dwarf-with-dsym";
				ENABLE_NS_ASSERTIONS = NO;
				ENABLE_STRICT_OBJC_MSGSEND = YES;
				ENABLE_USER_SCRIPT_SANDBOXING = YES;
				GCC_C_LANGUAGE_STANDARD = gnu17;
				GCC_NO_COMMON_BLOCKS = YES;
				GCC_WARN_64_TO_32_BIT_CONVERSION = YES;
				GCC_WARN_ABOUT_RETURN_TYPE = YES_ERROR;
				GCC_WARN_UNDECLARED_SELECTOR = YES;
				GCC_WARN_UNINITIALIZED_AUTOS = YES_AGGRESSIVE;
				GCC_WARN_UNUSED_FUNCTION = YES;
				GCC_WARN_UNUSED_VARIABLE = YES;
				IPHONEOS_DEPLOYMENT_TARGET = 17.0;
				LOCALIZATION_PREFERS_STRING_CATALOGS = YES;
				MTL_ENABLE_DEBUG_INFO = NO;
				MTL_FAST_MATH = YES;
				SDKROOT = iphoneos;
				SWIFT_COMPILATION_MODE = wholemodule;
				VALIDATE_PRODUCT = YES;
			};
			name = Release;
		};
		72ED9FF92B0BEA8E008F4760 /* Debug */ = {
			isa = XCBuildConfiguration;
			buildSettings = {
				ASSETCATALOG_COMPILER_APPICON_NAME = AppIcon;
				ASSETCATALOG_COMPILER_GLOBAL_ACCENT_COLOR_NAME = AccentColor;
				CODE_SIGN_STYLE = Automatic;
				CURRENT_PROJECT_VERSION = 1;
				DEVELOPMENT_ASSET_PATHS = "\"Market/Preview Content\"";
				DEVELOPMENT_TEAM = 82644U5RLM;
				ENABLE_PREVIEWS = YES;
				GENERATE_INFOPLIST_FILE = YES;
				INFOPLIST_KEY_UIApplicationSceneManifest_Generation = YES;
				INFOPLIST_KEY_UIApplicationSupportsIndirectInputEvents = YES;
				INFOPLIST_KEY_UILaunchScreen_Generation = YES;
				INFOPLIST_KEY_UISupportedInterfaceOrientations_iPad = "UIInterfaceOrientationPortrait UIInterfaceOrientationPortraitUpsideDown UIInterfaceOrientationLandscapeLeft UIInterfaceOrientationLandscapeRight";
				INFOPLIST_KEY_UISupportedInterfaceOrientations_iPhone = "UIInterfaceOrientationPortrait UIInterfaceOrientationLandscapeLeft UIInterfaceOrientationLandscapeRight";
				LD_RUNPATH_SEARCH_PATHS = (
					"$(inherited)",
					"@executable_path/Frameworks",
				);
				MARKETING_VERSION = 1.0;
				PRODUCT_BUNDLE_IDENTIFIER = com.wawandco.Market;
				PRODUCT_NAME = "$(TARGET_NAME)";
				SWIFT_EMIT_LOC_STRINGS = YES;
				SWIFT_VERSION = 5.0;
				TARGETED_DEVICE_FAMILY = "1,2";
			};
			name = Debug;
		};
		72ED9FFA2B0BEA8E008F4760 /* Release */ = {
			isa = XCBuildConfiguration;
			buildSettings = {
				ASSETCATALOG_COMPILER_APPICON_NAME = AppIcon;
				ASSETCATALOG_COMPILER_GLOBAL_ACCENT_COLOR_NAME = AccentColor;
				CODE_SIGN_STYLE = Automatic;
				CURRENT_PROJECT_VERSION = 1;
				DEVELOPMENT_ASSET_PATHS = "\"Market/Preview Content\"";
				DEVELOPMENT_TEAM = 82644U5RLM;
				ENABLE_PREVIEWS = YES;
				GENERATE_INFOPLIST_FILE = YES;
				INFOPLIST_KEY_UIApplicationSceneManifest_Generation = YES;
				INFOPLIST_KEY_UIApplicationSupportsIndirectInputEvents = YES;
				INFOPLIST_KEY_UILaunchScreen_Generation = YES;
				INFOPLIST_KEY_UISupportedInterfaceOrientations_iPad = "UIInterfaceOrientationPortrait UIInterfaceOrientationPortraitUpsideDown UIInterfaceOrientationLandscapeLeft UIInterfaceOrientationLandscapeRight";
				INFOPLIST_KEY_UISupportedInterfaceOrientations_iPhone = "UIInterfaceOrientationPortrait UIInterfaceOrientationLandscapeLeft UIInterfaceOrientationLandscapeRight";
				LD_RUNPATH_SEARCH_PATHS = (
					"$(inherited)",
					"@executable_path/Frameworks",
				);
				MARKETING_VERSION = 1.0;
				PRODUCT_BUNDLE_IDENTIFIER = com.wawandco.Market;
				PRODUCT_NAME = "$(TARGET_NAME)";
				SWIFT_EMIT_LOC_STRINGS = YES;
				SWIFT_VERSION = 5.0;
				TARGETED_DEVICE_FAMILY = "1,2";
			};
			name = Release;
		};
		72ED9FFC2B0BEA8E008F4760 /* Debug */ = {
			isa = XCBuildConfiguration;
			buildSettings = {
				ALWAYS_EMBED_SWIFT_STANDARD_LIBRARIES = YES;
				BUNDLE_LOADER = "$(TEST_HOST)";
				CODE_SIGN_STYLE = Automatic;
				CURRENT_PROJECT_VERSION = 1;
				GENERATE_INFOPLIST_FILE = YES;
				IPHONEOS_DEPLOYMENT_TARGET = 17.0;
				MARKETING_VERSION = 1.0;
				PRODUCT_BUNDLE_IDENTIFIER = com.wawandco.MarketTests;
				PRODUCT_NAME = "$(TARGET_NAME)";
				SWIFT_EMIT_LOC_STRINGS = NO;
				SWIFT_VERSION = 5.0;
				TARGETED_DEVICE_FAMILY = "1,2";
				TEST_HOST = "$(BUILT_PRODUCTS_DIR)/Market.app/$(BUNDLE_EXECUTABLE_FOLDER_PATH)/Market";
			};
			name = Debug;
		};
		72ED9FFD2B0BEA8E008F4760 /* Release */ = {
			isa = XCBuildConfiguration;
			buildSettings = {
				ALWAYS_EMBED_SWIFT_STANDARD_LIBRARIES = YES;
				BUNDLE_LOADER = "$(TEST_HOST)";
				CODE_SIGN_STYLE = Automatic;
				CURRENT_PROJECT_VERSION = 1;
				GENERATE_INFOPLIST_FILE = YES;
				IPHONEOS_DEPLOYMENT_TARGET = 17.0;
				MARKETING_VERSION = 1.0;
				PRODUCT_BUNDLE_IDENTIFIER = com.wawandco.MarketTests;
				PRODUCT_NAME = "$(TARGET_NAME)";
				SWIFT_EMIT_LOC_STRINGS = NO;
				SWIFT_VERSION = 5.0;
				TARGETED_DEVICE_FAMILY = "1,2";
				TEST_HOST = "$(BUILT_PRODUCTS_DIR)/Market.app/$(BUNDLE_EXECUTABLE_FOLDER_PATH)/Market";
			};
			name = Release;
		};
		72ED9FFF2B0BEA8E008F4760 /* Debug */ = {
			isa = XCBuildConfiguration;
			buildSettings = {
				ALWAYS_EMBED_SWIFT_STANDARD_LIBRARIES = YES;
				CODE_SIGN_STYLE = Automatic;
				CURRENT_PROJECT_VERSION = 1;
				GENERATE_INFOPLIST_FILE = YES;
				MARKETING_VERSION = 1.0;
				PRODUCT_BUNDLE_IDENTIFIER = com.wawandco.MarketUITests;
				PRODUCT_NAME = "$(TARGET_NAME)";
				SWIFT_EMIT_LOC_STRINGS = NO;
				SWIFT_VERSION = 5.0;
				TARGETED_DEVICE_FAMILY = "1,2";
				TEST_TARGET_NAME = Market;
			};
			name = Debug;
		};
		72EDA0002B0BEA8E008F4760 /* Release */ = {
			isa = XCBuildConfiguration;
			buildSettings = {
				ALWAYS_EMBED_SWIFT_STANDARD_LIBRARIES = YES;
				CODE_SIGN_STYLE = Automatic;
				CURRENT_PROJECT_VERSION = 1;
				GENERATE_INFOPLIST_FILE = YES;
				MARKETING_VERSION = 1.0;
				PRODUCT_BUNDLE_IDENTIFIER = com.wawandco.MarketUITests;
				PRODUCT_NAME = "$(TARGET_NAME)";
				SWIFT_EMIT_LOC_STRINGS = NO;
				SWIFT_VERSION = 5.0;
				TARGETED_DEVICE_FAMILY = "1,2";
				TEST_TARGET_NAME = Market;
			};
			name = Release;
		};
/* End XCBuildConfiguration section */

/* Begin XCConfigurationList section */
		72ED9FCF2B0BEA8C008F4760 /* Build configuration list for PBXProject "Market" */ = {
			isa = XCConfigurationList;
			buildConfigurations = (
				72ED9FF62B0BEA8E008F4760 /* Debug */,
				72ED9FF72B0BEA8E008F4760 /* Release */,
			);
			defaultConfigurationIsVisible = 0;
			defaultConfigurationName = Release;
		};
		72ED9FF82B0BEA8E008F4760 /* Build configuration list for PBXNativeTarget "Market" */ = {
			isa = XCConfigurationList;
			buildConfigurations = (
				72ED9FF92B0BEA8E008F4760 /* Debug */,
				72ED9FFA2B0BEA8E008F4760 /* Release */,
			);
			defaultConfigurationIsVisible = 0;
			defaultConfigurationName = Release;
		};
		72ED9FFB2B0BEA8E008F4760 /* Build configuration list for PBXNativeTarget "MarketTests" */ = {
			isa = XCConfigurationList;
			buildConfigurations = (
				72ED9FFC2B0BEA8E008F4760 /* Debug */,
				72ED9FFD2B0BEA8E008F4760 /* Release */,
			);
			defaultConfigurationIsVisible = 0;
			defaultConfigurationName = Release;
		};
		72ED9FFE2B0BEA8E008F4760 /* Build configuration list for PBXNativeTarget "MarketUITests" */ = {
			isa = XCConfigurationList;
			buildConfigurations = (
				72ED9FFF2B0BEA8E008F4760 /* Debug */,
				72EDA0002B0BEA8E008F4760 /* Release */,
			);
			defaultConfigurationIsVisible = 0;
			defaultConfigurationName = Release;
		};
/* End XCConfigurationList section */
	};
	rootObject = 72ED9FCC2B0BEA8C008F4760 /* Project object */;
}
